
Microsoft Visual Studio Solution File, Format Version 12.00
# Visual Studio Version 17
VisualStudioVersion = 17.3.32929.385
MinimumVisualStudioVersion = 10.0.40219.1
Project("{FAE04EC0-301F-11D3-BF4B-00C04F79EFBC}") = "NZWalks.API", "NZWalks.API\NZWalks.API.csproj", "{BC386049-AF2A-4A71-913E-624D22421A9C}"
EndProject
Global
	GlobalSection(SolutionConfigurationPlatforms) = preSolution
		Debug|Any CPU = Debug|Any CPU
		Release|Any CPU = Release|Any CPU
	EndGlobalSection
	GlobalSection(ProjectConfigurationPlatforms) = postSolution
		{BC386049-AF2A-4A71-913E-624D22421A9C}.Debug|Any CPU.ActiveCfg = Debug|Any CPU
		{BC386049-AF2A-4A71-913E-624D22421A9C}.Debug|Any CPU.Build.0 = Debug|Any CPU
		{BC386049-AF2A-4A71-913E-624D22421A9C}.Release|Any CPU.ActiveCfg = Release|Any CPU
		{BC386049-AF2A-4A71-913E-624D22421A9C}.Release|Any CPU.Build.0 = Release|Any CPU
	EndGlobalSection
	GlobalSection(SolutionProperties) = preSolution
		HideSolutionNode = FALSE
	EndGlobalSection
	GlobalSection(ExtensibilityGlobals) = postSolution
		SolutionGuid = {03454030-BC22-4166-B1AB-6EA9BB0CCA46}
	EndGlobalSection
EndGlobal
